
Microsoft Visual Studio Solution File, Format Version 12.00
Project("{FAE04EC0-301F-11D3-BF4B-00C04F79EFBC}") = "WebGui", "WebGui\WebGui.csproj", "{BBDF9BC1-5236-4A4B-AA05-4C709DB3D593}"
EndProject
Project("{FAE04EC0-301F-11D3-BF4B-00C04F79EFBC}") = "Model", "Model\Model.csproj", "{35DE560A-9EB0-4A9F-B80A-3A92F15FAE96}"
EndProject
Project("{FAE04EC0-301F-11D3-BF4B-00C04F79EFBC}") = "Domain", "Domain\Domain.csproj", "{F158CBC1-CCBB-471C-9CF8-ACA7AFC6F3D0}"
EndProject
Global
	GlobalSection(SolutionConfigurationPlatforms) = preSolution
		Debug|Any CPU = Debug|Any CPU
		Release|Any CPU = Release|Any CPU
	EndGlobalSection
	GlobalSection(ProjectConfigurationPlatforms) = postSolution
		{BBDF9BC1-5236-4A4B-AA05-4C709DB3D593}.Debug|Any CPU.ActiveCfg = Debug|Any CPU
		{BBDF9BC1-5236-4A4B-AA05-4C709DB3D593}.Debug|Any CPU.Build.0 = Debug|Any CPU
		{BBDF9BC1-5236-4A4B-AA05-4C709DB3D593}.Release|Any CPU.ActiveCfg = Release|Any CPU
		{BBDF9BC1-5236-4A4B-AA05-4C709DB3D593}.Release|Any CPU.Build.0 = Release|Any CPU
		{35DE560A-9EB0-4A9F-B80A-3A92F15FAE96}.Debug|Any CPU.ActiveCfg = Debug|Any CPU
		{35DE560A-9EB0-4A9F-B80A-3A92F15FAE96}.Debug|Any CPU.Build.0 = Debug|Any CPU
		{35DE560A-9EB0-4A9F-B80A-3A92F15FAE96}.Release|Any CPU.ActiveCfg = Release|Any CPU
		{35DE560A-9EB0-4A9F-B80A-3A92F15FAE96}.Release|Any CPU.Build.0 = Release|Any CPU
		{F158CBC1-CCBB-471C-9CF8-ACA7AFC6F3D0}.Debug|Any CPU.ActiveCfg = Debug|Any CPU
		{F158CBC1-CCBB-471C-9CF8-ACA7AFC6F3D0}.Debug|Any CPU.Build.0 = Debug|Any CPU
		{F158CBC1-CCBB-471C-9CF8-ACA7AFC6F3D0}.Release|Any CPU.ActiveCfg = Release|Any CPU
		{F158CBC1-CCBB-471C-9CF8-ACA7AFC6F3D0}.Release|Any CPU.Build.0 = Release|Any CPU
	EndGlobalSection
EndGlobal
